
Microsoft Visual Studio Solution File, Format Version 12.00
# Visual Studio Version 17
VisualStudioVersion = 17.8.34330.188
MinimumVisualStudioVersion = 10.0.40219.1
Project("{2150E333-8FDC-42A3-9474-1A3956D46DE8}") = "src", "src", "{A9A27D28-BB68-4478-BC7C-79ABD1F1F78A}"
EndProject
Project("{FAE04EC0-301F-11D3-BF4B-00C04F79EFBC}") = "Application", "src\Application\Application.csproj", "{301C073D-25FA-4822-9159-6B5F31326ED8}"
EndProject
Project("{FAE04EC0-301F-11D3-BF4B-00C04F79EFBC}") = "Domain", "src\Domain\Domain.csproj", "{0FA08BC1-4B19-40C2-9B11-56A776D70F20}"
EndProject
Project("{2150E333-8FDC-42A3-9474-1A3956D46DE8}") = "docs", "docs", "{19169863-D3B1-4BB2-BF23-EF359A55A301}"
EndProject
Global
	GlobalSection(SolutionConfigurationPlatforms) = preSolution
		Debug|Any CPU = Debug|Any CPU
		Release|Any CPU = Release|Any CPU
	EndGlobalSection
	GlobalSection(ProjectConfigurationPlatforms) = postSolution
		{301C073D-25FA-4822-9159-6B5F31326ED8}.Debug|Any CPU.ActiveCfg = Debug|Any CPU
		{301C073D-25FA-4822-9159-6B5F31326ED8}.Debug|Any CPU.Build.0 = Debug|Any CPU
		{301C073D-25FA-4822-9159-6B5F31326ED8}.Release|Any CPU.ActiveCfg = Release|Any CPU
		{301C073D-25FA-4822-9159-6B5F31326ED8}.Release|Any CPU.Build.0 = Release|Any CPU
		{0FA08BC1-4B19-40C2-9B11-56A776D70F20}.Debug|Any CPU.ActiveCfg = Debug|Any CPU
		{0FA08BC1-4B19-40C2-9B11-56A776D70F20}.Debug|Any CPU.Build.0 = Debug|Any CPU
		{0FA08BC1-4B19-40C2-9B11-56A776D70F20}.Release|Any CPU.ActiveCfg = Release|Any CPU
		{0FA08BC1-4B19-40C2-9B11-56A776D70F20}.Release|Any CPU.Build.0 = Release|Any CPU
	EndGlobalSection
	GlobalSection(SolutionProperties) = preSolution
		HideSolutionNode = FALSE
	EndGlobalSection
	GlobalSection(NestedProjects) = preSolution
		{301C073D-25FA-4822-9159-6B5F31326ED8} = {A9A27D28-BB68-4478-BC7C-79ABD1F1F78A}
		{0FA08BC1-4B19-40C2-9B11-56A776D70F20} = {A9A27D28-BB68-4478-BC7C-79ABD1F1F78A}
	EndGlobalSection
	GlobalSection(ExtensibilityGlobals) = postSolution
		SolutionGuid = {CFBB6F2F-1471-4890-8767-B79794BDBBFD}
	EndGlobalSection
EndGlobal
